
Microsoft Visual Studio Solution File, Format Version 12.00
# Visual Studio Version 16
VisualStudioVersion = 16.0.32428.217
MinimumVisualStudioVersion = 10.0.40219.1
Project("{FAE04EC0-301F-11D3-BF4B-00C04F79EFBC}") = "orm3", "orm3\orm3.csproj", "{4954E129-950A-422A-8343-19C0A2BA95C0}"
EndProject
Project("{FAE04EC0-301F-11D3-BF4B-00C04F79EFBC}") = "orm3Tests", "orm3Tests\orm3Tests.csproj", "{7E995D2C-F226-41DC-B335-A255B46DAAFF}"
EndProject
Global
	GlobalSection(SolutionConfigurationPlatforms) = preSolution
		Debug|Any CPU = Debug|Any CPU
		Release|Any CPU = Release|Any CPU
	EndGlobalSection
	GlobalSection(ProjectConfigurationPlatforms) = postSolution
		{4954E129-950A-422A-8343-19C0A2BA95C0}.Debug|Any CPU.ActiveCfg = Debug|Any CPU
		{4954E129-950A-422A-8343-19C0A2BA95C0}.Debug|Any CPU.Build.0 = Debug|Any CPU
		{4954E129-950A-422A-8343-19C0A2BA95C0}.Release|Any CPU.ActiveCfg = Release|Any CPU
		{4954E129-950A-422A-8343-19C0A2BA95C0}.Release|Any CPU.Build.0 = Release|Any CPU
		{7E995D2C-F226-41DC-B335-A255B46DAAFF}.Debug|Any CPU.ActiveCfg = Debug|Any CPU
		{7E995D2C-F226-41DC-B335-A255B46DAAFF}.Debug|Any CPU.Build.0 = Debug|Any CPU
		{7E995D2C-F226-41DC-B335-A255B46DAAFF}.Release|Any CPU.ActiveCfg = Release|Any CPU
		{7E995D2C-F226-41DC-B335-A255B46DAAFF}.Release|Any CPU.Build.0 = Release|Any CPU
	EndGlobalSection
	GlobalSection(SolutionProperties) = preSolution
		HideSolutionNode = FALSE
	EndGlobalSection
	GlobalSection(ExtensibilityGlobals) = postSolution
		SolutionGuid = {3CCC46F5-AD87-4EE2-A8E9-976FB256DCE6}
	EndGlobalSection
EndGlobal
